
Microsoft Visual Studio Solution File, Format Version 12.00
# Visual Studio Version 17
VisualStudioVersion = 17.14.36414.22 d17.14
MinimumVisualStudioVersion = 10.0.40219.1
Project("{FAE04EC0-301F-11D3-BF4B-00C04F79EFBC}") = "Main", "Main\Main.csproj", "{64D1FC30-C1E9-4577-B109-D16F4307962D}"
EndProject
Global
	GlobalSection(SolutionConfigurationPlatforms) = preSolution
		Debug|Any CPU = Debug|Any CPU
		Release|Any CPU = Release|Any CPU
	EndGlobalSection
	GlobalSection(ProjectConfigurationPlatforms) = postSolution
		{64D1FC30-C1E9-4577-B109-D16F4307962D}.Debug|Any CPU.ActiveCfg = Debug|Any CPU
		{64D1FC30-C1E9-4577-B109-D16F4307962D}.Debug|Any CPU.Build.0 = Debug|Any CPU
		{64D1FC30-C1E9-4577-B109-D16F4307962D}.Release|Any CPU.ActiveCfg = Release|Any CPU
		{64D1FC30-C1E9-4577-B109-D16F4307962D}.Release|Any CPU.Build.0 = Release|Any CPU
	EndGlobalSection
	GlobalSection(SolutionProperties) = preSolution
		HideSolutionNode = FALSE
	EndGlobalSection
	GlobalSection(ExtensibilityGlobals) = postSolution
		SolutionGuid = {E0D0A6D0-70B4-446F-9AEE-A7AB8012F53A}
	EndGlobalSection
EndGlobal
